
Microsoft Visual Studio Solution File, Format Version 12.00
# Visual Studio Version 16
VisualStudioVersion = 16.0.29318.209
MinimumVisualStudioVersion = 10.0.40219.1
Project("{9A19103F-16F7-4668-BE54-9A1E7A4F7556}") = "PokeGUI", "PokeGUI\PokeGUI.csproj", "{1E7D7CB1-7078-4524-9D4D-455F42A71CE6}"
EndProject
Project("{9A19103F-16F7-4668-BE54-9A1E7A4F7556}") = "TestIntegration", "TestIntegration\TestIntegration.csproj", "{D801FAE6-96DD-4409-996C-CBB8B28B0206}"
EndProject
Project("{FAE04EC0-301F-11D3-BF4B-00C04F79EFBC}") = "PokeGui.TestCore", "PokeGui.TestCore\PokeGui.TestCore.csproj", "{FFC9B46F-ABDE-405A-9350-78C2DB6AE744}"
EndProject
Global
	GlobalSection(SolutionConfigurationPlatforms) = preSolution
		Debug|Any CPU = Debug|Any CPU
		Release|Any CPU = Release|Any CPU
	EndGlobalSection
	GlobalSection(ProjectConfigurationPlatforms) = postSolution
		{1E7D7CB1-7078-4524-9D4D-455F42A71CE6}.Debug|Any CPU.ActiveCfg = Debug|Any CPU
		{1E7D7CB1-7078-4524-9D4D-455F42A71CE6}.Debug|Any CPU.Build.0 = Debug|Any CPU
		{1E7D7CB1-7078-4524-9D4D-455F42A71CE6}.Release|Any CPU.ActiveCfg = Release|Any CPU
		{1E7D7CB1-7078-4524-9D4D-455F42A71CE6}.Release|Any CPU.Build.0 = Release|Any CPU
		{D801FAE6-96DD-4409-996C-CBB8B28B0206}.Debug|Any CPU.ActiveCfg = Debug|Any CPU
		{D801FAE6-96DD-4409-996C-CBB8B28B0206}.Debug|Any CPU.Build.0 = Debug|Any CPU
		{D801FAE6-96DD-4409-996C-CBB8B28B0206}.Release|Any CPU.ActiveCfg = Release|Any CPU
		{D801FAE6-96DD-4409-996C-CBB8B28B0206}.Release|Any CPU.Build.0 = Release|Any CPU
		{FFC9B46F-ABDE-405A-9350-78C2DB6AE744}.Debug|Any CPU.ActiveCfg = Debug|Any CPU
		{FFC9B46F-ABDE-405A-9350-78C2DB6AE744}.Debug|Any CPU.Build.0 = Debug|Any CPU
		{FFC9B46F-ABDE-405A-9350-78C2DB6AE744}.Release|Any CPU.ActiveCfg = Release|Any CPU
		{FFC9B46F-ABDE-405A-9350-78C2DB6AE744}.Release|Any CPU.Build.0 = Release|Any CPU
	EndGlobalSection
	GlobalSection(SolutionProperties) = preSolution
		HideSolutionNode = FALSE
	EndGlobalSection
	GlobalSection(ExtensibilityGlobals) = postSolution
		SolutionGuid = {3123F29C-74DA-42BE-BAF9-E0BFB256F1B0}
	EndGlobalSection
EndGlobal
